
Microsoft Visual Studio Solution File, Format Version 12.00
# Visual Studio Version 16
VisualStudioVersion = 16.0.29326.143
MinimumVisualStudioVersion = 10.0.40219.1
Project("{9A19103F-16F7-4668-BE54-9A1E7A4F7556}") = "Caprice", "Caprice\Caprice.csproj", "{EC8ED0AC-A548-4D83-B088-6F5E1775C68E}"
EndProject
Global
	GlobalSection(SolutionConfigurationPlatforms) = preSolution
		Debug|Any CPU = Debug|Any CPU
		Release|Any CPU = Release|Any CPU
	EndGlobalSection
	GlobalSection(ProjectConfigurationPlatforms) = postSolution
		{EC8ED0AC-A548-4D83-B088-6F5E1775C68E}.Debug|Any CPU.ActiveCfg = Debug|Any CPU
		{EC8ED0AC-A548-4D83-B088-6F5E1775C68E}.Debug|Any CPU.Build.0 = Debug|Any CPU
		{EC8ED0AC-A548-4D83-B088-6F5E1775C68E}.Release|Any CPU.ActiveCfg = Release|Any CPU
		{EC8ED0AC-A548-4D83-B088-6F5E1775C68E}.Release|Any CPU.Build.0 = Release|Any CPU
	EndGlobalSection
	GlobalSection(SolutionProperties) = preSolution
		HideSolutionNode = FALSE
	EndGlobalSection
	GlobalSection(ExtensibilityGlobals) = postSolution
		SolutionGuid = {E4F1B8F3-B273-43CF-B5D2-5FAD0C823073}
	EndGlobalSection
EndGlobal
